{
  "version": 4,
  "terraform_version": "1.0.10",
  "serial": 40,
  "lineage": "2a257bed-d683-9222-99b1-714ae4266f4b",
  "outputs": {},
  "resources": [
    {
      "mode": "managed",
      "type": "aws_glue_connection",
      "name": "elasticsearch",
      "provider": "provider[\"registry.terraform.io/hashicorp/aws\"]",
      "instances": [
        {
          "schema_version": 0,
          "attributes": {
            "arn": "arn:aws:glue:us-east-1:228718274899:connection/ef-ingestion-glue-to-es-e2e-test",
            "catalog_id": "228718274899",
            "connection_properties": null,
            "connection_type": "NETWORK",
            "description": "",
            "id": "228718274899:ef-ingestion-glue-to-es-e2e-test",
            "match_criteria": null,
            "name": "ef-ingestion-glue-to-es-e2e-test",
            "physical_connection_requirements": [
              {
                "availability_zone": "us-east-1a",
                "security_group_id_list": [
                  "sg-05d5182f1bb185a78"
                ],
                "subnet_id": "subnet-0f6cc8f0aae21579f"
              }
            ],
            "tags": null,
            "tags_all": {}
          },
          "sensitive_attributes": [],
          "private": "bnVsbA=="
        }
      ]
    },
    {
      "mode": "managed",
      "type": "aws_glue_job",
      "name": "clean-up-job",
      "provider": "provider[\"registry.terraform.io/hashicorp/aws\"]",
      "instances": [
        {
          "schema_version": 0,
          "attributes": {
            "arn": "arn:aws:glue:us-east-1:228718274899:job/ef-ingestion-clean-up-job-e2e-test",
            "command": [
              {
                "name": "pythonshell",
                "python_version": "3",
                "script_location": "s3://ef-ingestion-landing-e2e-test/scripts/clean_up.py"
              }
            ],
            "connections": null,
            "default_arguments": {
              "--TempDir": "s3://ef-ingestion-landing-e2e-test/tmp/",
              "--enable-continuous-cloudwatch-log": "true",
              "--enable-continuous-log-filter": "true",
              "--enable-metrics": ""
            },
            "description": "Glue job that clean up prefixes like data/flat_json/events and data/flat_json/predictions.",
            "execution_property": [
              {
                "max_concurrent_runs": 1
              }
            ],
            "glue_version": "1.0",
            "id": "ef-ingestion-clean-up-job-e2e-test",
            "max_capacity": 0.0625,
            "max_retries": 0,
            "name": "ef-ingestion-clean-up-job-e2e-test",
            "non_overridable_arguments": null,
            "notification_property": [],
            "number_of_workers": 0,
            "role_arn": "arn:aws:iam::228718274899:role/ef-ingestion-glue-role-e2e-test",
            "security_configuration": "",
            "tags": null,
            "tags_all": {},
            "timeout": 60,
            "worker_type": ""
          },
          "sensitive_attributes": [],
          "private": "bnVsbA==",
          "dependencies": [
            "aws_iam_policy.s3-data-policy",
            "aws_iam_role.glue-role",
            "aws_s3_bucket.ef-bucket"
          ]
        }
      ]
    },
    {
      "mode": "managed",
      "type": "aws_glue_job",
      "name": "convert-to-parquet-job",
      "provider": "provider[\"registry.terraform.io/hashicorp/aws\"]",
      "instances": [
        {
          "schema_version": 0,
          "attributes": {
            "arn": "arn:aws:glue:us-east-1:228718274899:job/ef-ingestion-convert-to-parquet-job-e2e-test",
            "command": [
              {
                "name": "glueetl",
                "python_version": "3",
                "script_location": "s3://ef-ingestion-landing-e2e-test/scripts/convert_to_parquet.py"
              }
            ],
            "connections": null,
            "default_arguments": {
              "--TempDir": "s3://ef-ingestion-landing-e2e-test/tmp/",
              "--enable-auto-scaling": "true",
              "--enable-continuous-cloudwatch-log": "true",
              "--enable-continuous-log-filter": "true",
              "--enable-metrics": "",
              "--enable-spark-ui": "true",
              "--job-bookmark-option": "job-bookmark-enable",
              "--spark-event-logs-path": "s3://spark-history-server-logs-fghjrt/"
            },
            "description": "Glue job that converts JSON to Parquet",
            "execution_property": [
              {
                "max_concurrent_runs": 1
              }
            ],
            "glue_version": "3.0",
            "id": "ef-ingestion-convert-to-parquet-job-e2e-test",
            "max_capacity": 2,
            "max_retries": 0,
            "name": "ef-ingestion-convert-to-parquet-job-e2e-test",
            "non_overridable_arguments": null,
            "notification_property": [],
            "number_of_workers": 2,
            "role_arn": "arn:aws:iam::228718274899:role/ef-ingestion-glue-role-e2e-test",
            "security_configuration": "",
            "tags": null,
            "tags_all": {},
            "timeout": 60,
            "worker_type": "G.1X"
          },
          "sensitive_attributes": [],
          "private": "bnVsbA==",
          "dependencies": [
            "aws_iam_policy.s3-data-policy",
            "aws_iam_role.glue-role",
            "aws_s3_bucket.ef-bucket"
          ]
        }
      ]
    },
    {
      "mode": "managed",
      "type": "aws_glue_job",
      "name": "eslogs-job",
      "provider": "provider[\"registry.terraform.io/hashicorp/aws\"]",
      "instances": [
        {
          "schema_version": 0,
          "attributes": {
            "arn": "arn:aws:glue:us-east-1:228718274899:job/ef-ingestion-eslogs-job-e2e-test",
            "command": [
              {
                "name": "pythonshell",
                "python_version": "3",
                "script_location": "s3://ef-ingestion-landing-e2e-test/scripts/process_logs.py"
              }
            ],
            "connections": [
              "ef-ingestion-glue-to-es-e2e-test"
            ],
            "default_arguments": {
              "--TempDir": "s3://ef-ingestion-landing-e2e-test/tmp/",
              "--enable-continuous-cloudwatch-log": "true",
              "--enable-continuous-log-filter": "true",
              "--enable-metrics": "",
              "--extra-py-files": "s3://ef-ingestion-landing-e2e-test/dependencies/elasticsearch-7.13.0-py2.py3-none-any.whl"
            },
            "description": "Glue job that send logs to ElasticSearch",
            "execution_property": [
              {
                "max_concurrent_runs": 1
              }
            ],
            "glue_version": "1.0",
            "id": "ef-ingestion-eslogs-job-e2e-test",
            "max_capacity": 0.0625,
            "max_retries": 0,
            "name": "ef-ingestion-eslogs-job-e2e-test",
            "non_overridable_arguments": null,
            "notification_property": [],
            "number_of_workers": 0,
            "role_arn": "arn:aws:iam::228718274899:role/ef-ingestion-glue-role-e2e-test",
            "security_configuration": "",
            "tags": null,
            "tags_all": {},
            "timeout": 60,
            "worker_type": ""
          },
          "sensitive_attributes": [],
          "private": "bnVsbA==",
          "dependencies": [
            "aws_glue_connection.elasticsearch",
            "aws_iam_policy.s3-data-policy",
            "aws_iam_role.glue-role",
            "aws_s3_bucket.ef-bucket"
          ]
        }
      ]
    },
    {
      "mode": "managed",
      "type": "aws_glue_job",
      "name": "flat-ef-job",
      "provider": "provider[\"registry.terraform.io/hashicorp/aws\"]",
      "instances": [
        {
          "schema_version": 0,
          "attributes": {
            "arn": "arn:aws:glue:us-east-1:228718274899:job/ef-ingestion-flat-job-e2e-test",
            "command": [
              {
                "name": "pythonshell",
                "python_version": "3",
                "script_location": "s3://ef-ingestion-landing-e2e-test/scripts/flat_efs.py"
              }
            ],
            "connections": null,
            "default_arguments": {
              "--TempDir": "s3://ef-ingestion-landing-e2e-test/tmp/",
              "--enable-continuous-cloudwatch-log": "true",
              "--enable-continuous-log-filter": "true",
              "--enable-metrics": "",
              "--extra-py-files": "s3://ef-ingestion-landing-e2e-test/dependencies/s3fs-0.4.0-py3-none-any.whl"
            },
            "description": "Glue job that explodes event files and split them in PREDICTIONS and EVENTS.",
            "execution_property": [
              {
                "max_concurrent_runs": 1
              }
            ],
            "glue_version": "1.0",
            "id": "ef-ingestion-flat-job-e2e-test",
            "max_capacity": 0.0625,
            "max_retries": 0,
            "name": "ef-ingestion-flat-job-e2e-test",
            "non_overridable_arguments": null,
            "notification_property": [],
            "number_of_workers": 0,
            "role_arn": "arn:aws:iam::228718274899:role/ef-ingestion-glue-role-e2e-test",
            "security_configuration": "",
            "tags": null,
            "tags_all": {},
            "timeout": 60,
            "worker_type": ""
          },
          "sensitive_attributes": [],
          "private": "bnVsbA==",
          "dependencies": [
            "aws_iam_policy.s3-data-policy",
            "aws_iam_role.glue-role",
            "aws_s3_bucket.ef-bucket"
          ]
        }
      ]
    },
    {
      "mode": "managed",
      "type": "aws_glue_job",
      "name": "post-job",
      "provider": "provider[\"registry.terraform.io/hashicorp/aws\"]",
      "instances": [
        {
          "schema_version": 0,
          "attributes": {
            "arn": "arn:aws:glue:us-east-1:228718274899:job/ef-ingestion-post-job-e2e-test",
            "command": [
              {
                "name": "pythonshell",
                "python_version": "3",
                "script_location": "s3://ef-ingestion-landing-e2e-test/scripts/update_workflow_properties.py"
              }
            ],
            "connections": null,
            "default_arguments": {
              "--TempDir": "s3://ef-ingestion-landing-e2e-test/tmp/",
              "--enable-continuous-cloudwatch-log": "true",
              "--enable-continuous-log-filter": "true",
              "--enable-metrics": "",
              "--transition_state": "COMPLETED"
            },
            "description": "Glue job that updates workflow run property",
            "execution_property": [
              {
                "max_concurrent_runs": 1
              }
            ],
            "glue_version": "1.0",
            "id": "ef-ingestion-post-job-e2e-test",
            "max_capacity": 0.0625,
            "max_retries": 0,
            "name": "ef-ingestion-post-job-e2e-test",
            "non_overridable_arguments": null,
            "notification_property": [],
            "number_of_workers": 0,
            "role_arn": "arn:aws:iam::228718274899:role/ef-ingestion-glue-role-e2e-test",
            "security_configuration": "",
            "tags": null,
            "tags_all": {},
            "timeout": 60,
            "worker_type": ""
          },
          "sensitive_attributes": [],
          "private": "bnVsbA==",
          "dependencies": [
            "aws_iam_policy.s3-data-policy",
            "aws_iam_role.glue-role",
            "aws_s3_bucket.ef-bucket"
          ]
        }
      ]
    },
    {
      "mode": "managed",
      "type": "aws_glue_job",
      "name": "pre-job",
      "provider": "provider[\"registry.terraform.io/hashicorp/aws\"]",
      "instances": [
        {
          "schema_version": 0,
          "attributes": {
            "arn": "arn:aws:glue:us-east-1:228718274899:job/ef-ingestion-pre-job-e2e-test",
            "command": [
              {
                "name": "pythonshell",
                "python_version": "3",
                "script_location": "s3://ef-ingestion-landing-e2e-test/scripts/update_workflow_properties.py"
              }
            ],
            "connections": null,
            "default_arguments": {
              "--TempDir": "s3://ef-ingestion-landing-e2e-test/tmp/",
              "--enable-continuous-cloudwatch-log": "true",
              "--enable-continuous-log-filter": "true",
              "--enable-metrics": "",
              "--transition_state": "STARTED"
            },
            "description": "Glue job that updates state to STARTED in workflow run properties and set workflow global properties.",
            "execution_property": [
              {
                "max_concurrent_runs": 1
              }
            ],
            "glue_version": "1.0",
            "id": "ef-ingestion-pre-job-e2e-test",
            "max_capacity": 0.0625,
            "max_retries": 0,
            "name": "ef-ingestion-pre-job-e2e-test",
            "non_overridable_arguments": null,
            "notification_property": [],
            "number_of_workers": 0,
            "role_arn": "arn:aws:iam::228718274899:role/ef-ingestion-glue-role-e2e-test",
            "security_configuration": "",
            "tags": null,
            "tags_all": {},
            "timeout": 60,
            "worker_type": ""
          },
          "sensitive_attributes": [],
          "private": "bnVsbA==",
          "dependencies": [
            "aws_iam_policy.s3-data-policy",
            "aws_iam_role.glue-role",
            "aws_s3_bucket.ef-bucket"
          ]
        }
      ]
    },
    {
      "mode": "managed",
      "type": "aws_glue_job",
      "name": "profile-ef-job",
      "provider": "provider[\"registry.terraform.io/hashicorp/aws\"]",
      "instances": [
        {
          "schema_version": 0,
          "attributes": {
            "arn": "arn:aws:glue:us-east-1:228718274899:job/ef-ingestion-profile-job-e2e-test",
            "command": [
              {
                "name": "pythonshell",
                "python_version": "3",
                "script_location": "s3://ef-ingestion-landing-e2e-test/scripts/data_profiling.py"
              }
            ],
            "connections": null,
            "default_arguments": {
              "--TempDir": "s3://ef-ingestion-landing-e2e-test/tmp/",
              "--enable-continuous-cloudwatch-log": "true",
              "--enable-continuous-log-filter": "true",
              "--enable-metrics": "",
              "--extra-py-files": "s3://ef-ingestion-landing-e2e-test/dependencies/Cerberus-1.3.3-py3-none-any.whl,s3://ef-ingestion-landing-e2e-test/dependencies/s3fs-0.4.0-py3-none-any.whl"
            },
            "description": "Glue job that profiles event files and split them in CLEAN and DIRTY.",
            "execution_property": [
              {
                "max_concurrent_runs": 1
              }
            ],
            "glue_version": "1.0",
            "id": "ef-ingestion-profile-job-e2e-test",
            "max_capacity": 0.0625,
            "max_retries": 0,
            "name": "ef-ingestion-profile-job-e2e-test",
            "non_overridable_arguments": null,
            "notification_property": [],
            "number_of_workers": 0,
            "role_arn": "arn:aws:iam::228718274899:role/ef-ingestion-glue-role-e2e-test",
            "security_configuration": "",
            "tags": null,
            "tags_all": {},
            "timeout": 60,
            "worker_type": ""
          },
          "sensitive_attributes": [],
          "private": "bnVsbA==",
          "dependencies": [
            "aws_iam_policy.s3-data-policy",
            "aws_iam_role.glue-role",
            "aws_s3_bucket.ef-bucket"
          ]
        }
      ]
    },
    {
      "mode": "managed",
      "type": "aws_glue_trigger",
      "name": "cleanupjob-trigger",
      "provider": "provider[\"registry.terraform.io/hashicorp/aws\"]",
      "instances": [
        {
          "schema_version": 0,
          "attributes": {
            "actions": [
              {
                "arguments": null,
                "crawler_name": "",
                "job_name": "ef-ingestion-clean-up-job-e2e-test",
                "notification_property": [],
                "security_configuration": "",
                "timeout": 0
              }
            ],
            "arn": "arn:aws:glue:us-east-1:228718274899:trigger/ef-ingestion-cleanup-job-e2e-test",
            "description": "",
            "enabled": true,
            "id": "ef-ingestion-cleanup-job-e2e-test",
            "name": "ef-ingestion-cleanup-job-e2e-test",
            "predicate": [
              {
                "conditions": [
                  {
                    "crawl_state": "",
                    "crawler_name": "",
                    "job_name": "ef-ingestion-post-job-e2e-test",
                    "logical_operator": "EQUALS",
                    "state": "SUCCEEDED"
                  }
                ],
                "logical": "AND"
              }
            ],
            "schedule": "",
            "start_on_creation": null,
            "state": "ACTIVATED",
            "tags": null,
            "tags_all": {},
            "timeouts": null,
            "type": "CONDITIONAL",
            "workflow_name": "ef-ingestion-batch-e2e-test"
          },
          "sensitive_attributes": [],
          "private": "eyJlMmJmYjczMC1lY2FhLTExZTYtOGY4OC0zNDM2M2JjN2M0YzAiOnsiY3JlYXRlIjozMDAwMDAwMDAwMDAsImRlbGV0ZSI6MzAwMDAwMDAwMDAwfX0=",
          "dependencies": [
            "aws_glue_job.clean-up-job",
            "aws_glue_job.post-job",
            "aws_glue_workflow.ef-glue-workflow",
            "aws_iam_policy.s3-data-policy",
            "aws_iam_role.glue-role",
            "aws_s3_bucket.ef-bucket"
          ]
        }
      ]
    },
    {
      "mode": "managed",
      "type": "aws_glue_trigger",
      "name": "convert-to-parquet-fail-trigger",
      "provider": "provider[\"registry.terraform.io/hashicorp/aws\"]",
      "instances": [
        {
          "schema_version": 0,
          "attributes": {
            "actions": [
              {
                "arguments": null,
                "crawler_name": "",
                "job_name": "ef-ingestion-clean-up-job-e2e-test",
                "notification_property": [],
                "security_configuration": "",
                "timeout": 0
              }
            ],
            "arn": "arn:aws:glue:us-east-1:228718274899:trigger/ef-ingestion-convert-to-parquet-fail-e2e-test",
            "description": "",
            "enabled": true,
            "id": "ef-ingestion-convert-to-parquet-fail-e2e-test",
            "name": "ef-ingestion-convert-to-parquet-fail-e2e-test",
            "predicate": [
              {
                "conditions": [
                  {
                    "crawl_state": "",
                    "crawler_name": "",
                    "job_name": "ef-ingestion-flat-job-e2e-test",
                    "logical_operator": "EQUALS",
                    "state": "FAILED"
                  }
                ],
                "logical": "AND"
              }
            ],
            "schedule": "",
            "start_on_creation": null,
            "state": "ACTIVATED",
            "tags": null,
            "tags_all": {},
            "timeouts": null,
            "type": "CONDITIONAL",
            "workflow_name": "ef-ingestion-batch-e2e-test"
          },
          "sensitive_attributes": [],
          "private": "eyJlMmJmYjczMC1lY2FhLTExZTYtOGY4OC0zNDM2M2JjN2M0YzAiOnsiY3JlYXRlIjozMDAwMDAwMDAwMDAsImRlbGV0ZSI6MzAwMDAwMDAwMDAwfX0=",
          "dependencies": [
            "aws_glue_job.clean-up-job",
            "aws_glue_job.flat-ef-job",
            "aws_glue_workflow.ef-glue-workflow",
            "aws_iam_policy.s3-data-policy",
            "aws_iam_role.glue-role",
            "aws_s3_bucket.ef-bucket"
          ]
        }
      ]
    },
    {
      "mode": "managed",
      "type": "aws_glue_trigger",
      "name": "convert-to-parquet-pass-trigger",
      "provider": "provider[\"registry.terraform.io/hashicorp/aws\"]",
      "instances": [
        {
          "schema_version": 0,
          "attributes": {
            "actions": [
              {
                "arguments": null,
                "crawler_name": "",
                "job_name": "ef-ingestion-convert-to-parquet-job-e2e-test",
                "notification_property": [],
                "security_configuration": "",
                "timeout": 0
              }
            ],
            "arn": "arn:aws:glue:us-east-1:228718274899:trigger/ef-ingestion-convert-to-parquet-pass-e2e-test",
            "description": "",
            "enabled": true,
            "id": "ef-ingestion-convert-to-parquet-pass-e2e-test",
            "name": "ef-ingestion-convert-to-parquet-pass-e2e-test",
            "predicate": [
              {
                "conditions": [
                  {
                    "crawl_state": "",
                    "crawler_name": "",
                    "job_name": "ef-ingestion-flat-job-e2e-test",
                    "logical_operator": "EQUALS",
                    "state": "SUCCEEDED"
                  }
                ],
                "logical": "AND"
              }
            ],
            "schedule": "",
            "start_on_creation": null,
            "state": "ACTIVATED",
            "tags": null,
            "tags_all": {},
            "timeouts": null,
            "type": "CONDITIONAL",
            "workflow_name": "ef-ingestion-batch-e2e-test"
          },
          "sensitive_attributes": [],
          "private": "eyJlMmJmYjczMC1lY2FhLTExZTYtOGY4OC0zNDM2M2JjN2M0YzAiOnsiY3JlYXRlIjozMDAwMDAwMDAwMDAsImRlbGV0ZSI6MzAwMDAwMDAwMDAwfX0=",
          "dependencies": [
            "aws_glue_job.convert-to-parquet-job",
            "aws_glue_job.flat-ef-job",
            "aws_glue_workflow.ef-glue-workflow",
            "aws_iam_policy.s3-data-policy",
            "aws_iam_role.glue-role",
            "aws_s3_bucket.ef-bucket"
          ]
        }
      ]
    },
    {
      "mode": "managed",
      "type": "aws_glue_trigger",
      "name": "eslogsjob-trigger",
      "provider": "provider[\"registry.terraform.io/hashicorp/aws\"]",
      "instances": [
        {
          "schema_version": 0,
          "attributes": {
            "actions": [
              {
                "arguments": null,
                "crawler_name": "",
                "job_name": "ef-ingestion-eslogs-job-e2e-test",
                "notification_property": [],
                "security_configuration": "",
                "timeout": 0
              }
            ],
            "arn": "arn:aws:glue:us-east-1:228718274899:trigger/ef-ingestion-eslogs-job-e2e-test",
            "description": "",
            "enabled": true,
            "id": "ef-ingestion-eslogs-job-e2e-test",
            "name": "ef-ingestion-eslogs-job-e2e-test",
            "predicate": [
              {
                "conditions": [
                  {
                    "crawl_state": "",
                    "crawler_name": "",
                    "job_name": "ef-ingestion-post-job-e2e-test",
                    "logical_operator": "EQUALS",
                    "state": "SUCCEEDED"
                  }
                ],
                "logical": "AND"
              }
            ],
            "schedule": "",
            "start_on_creation": null,
            "state": "ACTIVATED",
            "tags": null,
            "tags_all": {},
            "timeouts": null,
            "type": "CONDITIONAL",
            "workflow_name": "ef-ingestion-batch-e2e-test"
          },
          "sensitive_attributes": [],
          "private": "eyJlMmJmYjczMC1lY2FhLTExZTYtOGY4OC0zNDM2M2JjN2M0YzAiOnsiY3JlYXRlIjozMDAwMDAwMDAwMDAsImRlbGV0ZSI6MzAwMDAwMDAwMDAwfX0=",
          "dependencies": [
            "aws_glue_connection.elasticsearch",
            "aws_glue_job.eslogs-job",
            "aws_glue_job.post-job",
            "aws_glue_workflow.ef-glue-workflow",
            "aws_iam_policy.s3-data-policy",
            "aws_iam_role.glue-role",
            "aws_s3_bucket.ef-bucket"
          ]
        }
      ]
    },
    {
      "mode": "managed",
      "type": "aws_glue_trigger",
      "name": "flat-ef-fail-trigger",
      "provider": "provider[\"registry.terraform.io/hashicorp/aws\"]",
      "instances": [
        {
          "schema_version": 0,
          "attributes": {
            "actions": [
              {
                "arguments": null,
                "crawler_name": "",
                "job_name": "ef-ingestion-clean-up-job-e2e-test",
                "notification_property": [],
                "security_configuration": "",
                "timeout": 0
              }
            ],
            "arn": "arn:aws:glue:us-east-1:228718274899:trigger/ef-ingestion-flat-fail-e2e-test",
            "description": "",
            "enabled": true,
            "id": "ef-ingestion-flat-fail-e2e-test",
            "name": "ef-ingestion-flat-fail-e2e-test",
            "predicate": [
              {
                "conditions": [
                  {
                    "crawl_state": "",
                    "crawler_name": "",
                    "job_name": "ef-ingestion-profile-job-e2e-test",
                    "logical_operator": "EQUALS",
                    "state": "FAILED"
                  }
                ],
                "logical": "AND"
              }
            ],
            "schedule": "",
            "start_on_creation": null,
            "state": "ACTIVATED",
            "tags": null,
            "tags_all": {},
            "timeouts": null,
            "type": "CONDITIONAL",
            "workflow_name": "ef-ingestion-batch-e2e-test"
          },
          "sensitive_attributes": [],
          "private": "eyJlMmJmYjczMC1lY2FhLTExZTYtOGY4OC0zNDM2M2JjN2M0YzAiOnsiY3JlYXRlIjozMDAwMDAwMDAwMDAsImRlbGV0ZSI6MzAwMDAwMDAwMDAwfX0=",
          "dependencies": [
            "aws_glue_job.clean-up-job",
            "aws_glue_job.profile-ef-job",
            "aws_glue_workflow.ef-glue-workflow",
            "aws_iam_policy.s3-data-policy",
            "aws_iam_role.glue-role",
            "aws_s3_bucket.ef-bucket"
          ]
        }
      ]
    },
    {
      "mode": "managed",
      "type": "aws_glue_trigger",
      "name": "flat-ef-pass-trigger",
      "provider": "provider[\"registry.terraform.io/hashicorp/aws\"]",
      "instances": [
        {
          "schema_version": 0,
          "attributes": {
            "actions": [
              {
                "arguments": null,
                "crawler_name": "",
                "job_name": "ef-ingestion-flat-job-e2e-test",
                "notification_property": [],
                "security_configuration": "",
                "timeout": 0
              }
            ],
            "arn": "arn:aws:glue:us-east-1:228718274899:trigger/ef-ingestion-flat-pass-e2e-test",
            "description": "",
            "enabled": true,
            "id": "ef-ingestion-flat-pass-e2e-test",
            "name": "ef-ingestion-flat-pass-e2e-test",
            "predicate": [
              {
                "conditions": [
                  {
                    "crawl_state": "",
                    "crawler_name": "",
                    "job_name": "ef-ingestion-profile-job-e2e-test",
                    "logical_operator": "EQUALS",
                    "state": "SUCCEEDED"
                  }
                ],
                "logical": "AND"
              }
            ],
            "schedule": "",
            "start_on_creation": null,
            "state": "ACTIVATED",
            "tags": null,
            "tags_all": {},
            "timeouts": null,
            "type": "CONDITIONAL",
            "workflow_name": "ef-ingestion-batch-e2e-test"
          },
          "sensitive_attributes": [],
          "private": "eyJlMmJmYjczMC1lY2FhLTExZTYtOGY4OC0zNDM2M2JjN2M0YzAiOnsiY3JlYXRlIjozMDAwMDAwMDAwMDAsImRlbGV0ZSI6MzAwMDAwMDAwMDAwfX0=",
          "dependencies": [
            "aws_glue_job.flat-ef-job",
            "aws_glue_job.profile-ef-job",
            "aws_glue_workflow.ef-glue-workflow",
            "aws_iam_policy.s3-data-policy",
            "aws_iam_role.glue-role",
            "aws_s3_bucket.ef-bucket"
          ]
        }
      ]
    },
    {
      "mode": "managed",
      "type": "aws_glue_trigger",
      "name": "postjob-fail-trigger",
      "provider": "provider[\"registry.terraform.io/hashicorp/aws\"]",
      "instances": [
        {
          "schema_version": 0,
          "attributes": {
            "actions": [
              {
                "arguments": null,
                "crawler_name": "",
                "job_name": "ef-ingestion-clean-up-job-e2e-test",
                "notification_property": [],
                "security_configuration": "",
                "timeout": 0
              }
            ],
            "arn": "arn:aws:glue:us-east-1:228718274899:trigger/ef-ingestion-post-job-fail-e2e-test",
            "description": "",
            "enabled": true,
            "id": "ef-ingestion-post-job-fail-e2e-test",
            "name": "ef-ingestion-post-job-fail-e2e-test",
            "predicate": [
              {
                "conditions": [
                  {
                    "crawl_state": "",
                    "crawler_name": "",
                    "job_name": "ef-ingestion-convert-to-parquet-job-e2e-test",
                    "logical_operator": "EQUALS",
                    "state": "FAILED"
                  }
                ],
                "logical": "AND"
              }
            ],
            "schedule": "",
            "start_on_creation": null,
            "state": "ACTIVATED",
            "tags": null,
            "tags_all": {},
            "timeouts": null,
            "type": "CONDITIONAL",
            "workflow_name": "ef-ingestion-batch-e2e-test"
          },
          "sensitive_attributes": [],
          "private": "eyJlMmJmYjczMC1lY2FhLTExZTYtOGY4OC0zNDM2M2JjN2M0YzAiOnsiY3JlYXRlIjozMDAwMDAwMDAwMDAsImRlbGV0ZSI6MzAwMDAwMDAwMDAwfX0=",
          "dependencies": [
            "aws_glue_job.clean-up-job",
            "aws_glue_job.convert-to-parquet-job",
            "aws_glue_workflow.ef-glue-workflow",
            "aws_iam_policy.s3-data-policy",
            "aws_iam_role.glue-role",
            "aws_s3_bucket.ef-bucket"
          ]
        }
      ]
    },
    {
      "mode": "managed",
      "type": "aws_glue_trigger",
      "name": "postjob-pass-trigger",
      "provider": "provider[\"registry.terraform.io/hashicorp/aws\"]",
      "instances": [
        {
          "schema_version": 0,
          "attributes": {
            "actions": [
              {
                "arguments": null,
                "crawler_name": "",
                "job_name": "ef-ingestion-post-job-e2e-test",
                "notification_property": [],
                "security_configuration": "",
                "timeout": 0
              }
            ],
            "arn": "arn:aws:glue:us-east-1:228718274899:trigger/ef-ingestion-post-job-pass-e2e-test",
            "description": "",
            "enabled": true,
            "id": "ef-ingestion-post-job-pass-e2e-test",
            "name": "ef-ingestion-post-job-pass-e2e-test",
            "predicate": [
              {
                "conditions": [
                  {
                    "crawl_state": "",
                    "crawler_name": "",
                    "job_name": "ef-ingestion-convert-to-parquet-job-e2e-test",
                    "logical_operator": "EQUALS",
                    "state": "SUCCEEDED"
                  }
                ],
                "logical": "AND"
              }
            ],
            "schedule": "",
            "start_on_creation": null,
            "state": "ACTIVATED",
            "tags": null,
            "tags_all": {},
            "timeouts": null,
            "type": "CONDITIONAL",
            "workflow_name": "ef-ingestion-batch-e2e-test"
          },
          "sensitive_attributes": [],
          "private": "eyJlMmJmYjczMC1lY2FhLTExZTYtOGY4OC0zNDM2M2JjN2M0YzAiOnsiY3JlYXRlIjozMDAwMDAwMDAwMDAsImRlbGV0ZSI6MzAwMDAwMDAwMDAwfX0=",
          "dependencies": [
            "aws_glue_job.convert-to-parquet-job",
            "aws_glue_job.post-job",
            "aws_glue_workflow.ef-glue-workflow",
            "aws_iam_policy.s3-data-policy",
            "aws_iam_role.glue-role",
            "aws_s3_bucket.ef-bucket"
          ]
        }
      ]
    },
    {
      "mode": "managed",
      "type": "aws_glue_trigger",
      "name": "prejob-trigger",
      "provider": "provider[\"registry.terraform.io/hashicorp/aws\"]",
      "instances": [
        {
          "schema_version": 0,
          "attributes": {
            "actions": [
              {
                "arguments": null,
                "crawler_name": "",
                "job_name": "ef-ingestion-pre-job-e2e-test",
                "notification_property": [],
                "security_configuration": "",
                "timeout": 0
              }
            ],
            "arn": "arn:aws:glue:us-east-1:228718274899:trigger/ef-ingestion-pre-job-e2e-test",
            "description": "",
            "enabled": true,
            "id": "ef-ingestion-pre-job-e2e-test",
            "name": "ef-ingestion-pre-job-e2e-test",
            "predicate": [],
            "schedule": "",
            "start_on_creation": null,
            "state": "CREATED",
            "tags": null,
            "tags_all": {},
            "timeouts": null,
            "type": "ON_DEMAND",
            "workflow_name": "ef-ingestion-batch-e2e-test"
          },
          "sensitive_attributes": [],
          "private": "eyJlMmJmYjczMC1lY2FhLTExZTYtOGY4OC0zNDM2M2JjN2M0YzAiOnsiY3JlYXRlIjozMDAwMDAwMDAwMDAsImRlbGV0ZSI6MzAwMDAwMDAwMDAwfX0=",
          "dependencies": [
            "aws_glue_job.pre-job",
            "aws_glue_workflow.ef-glue-workflow",
            "aws_iam_policy.s3-data-policy",
            "aws_iam_role.glue-role",
            "aws_s3_bucket.ef-bucket"
          ]
        }
      ]
    },
    {
      "mode": "managed",
      "type": "aws_glue_trigger",
      "name": "profile-ef-fail-trigger",
      "provider": "provider[\"registry.terraform.io/hashicorp/aws\"]",
      "instances": [
        {
          "schema_version": 0,
          "attributes": {
            "actions": [
              {
                "arguments": null,
                "crawler_name": "",
                "job_name": "ef-ingestion-clean-up-job-e2e-test",
                "notification_property": [],
                "security_configuration": "",
                "timeout": 0
              }
            ],
            "arn": "arn:aws:glue:us-east-1:228718274899:trigger/ef-ingestion-profile-fail-e2e-test",
            "description": "",
            "enabled": true,
            "id": "ef-ingestion-profile-fail-e2e-test",
            "name": "ef-ingestion-profile-fail-e2e-test",
            "predicate": [
              {
                "conditions": [
                  {
                    "crawl_state": "",
                    "crawler_name": "",
                    "job_name": "ef-ingestion-pre-job-e2e-test",
                    "logical_operator": "EQUALS",
                    "state": "FAILED"
                  }
                ],
                "logical": "AND"
              }
            ],
            "schedule": "",
            "start_on_creation": null,
            "state": "ACTIVATED",
            "tags": null,
            "tags_all": {},
            "timeouts": null,
            "type": "CONDITIONAL",
            "workflow_name": "ef-ingestion-batch-e2e-test"
          },
          "sensitive_attributes": [],
          "private": "eyJlMmJmYjczMC1lY2FhLTExZTYtOGY4OC0zNDM2M2JjN2M0YzAiOnsiY3JlYXRlIjozMDAwMDAwMDAwMDAsImRlbGV0ZSI6MzAwMDAwMDAwMDAwfX0=",
          "dependencies": [
            "aws_glue_job.clean-up-job",
            "aws_glue_job.pre-job",
            "aws_glue_workflow.ef-glue-workflow",
            "aws_iam_policy.s3-data-policy",
            "aws_iam_role.glue-role",
            "aws_s3_bucket.ef-bucket"
          ]
        }
      ]
    },
    {
      "mode": "managed",
      "type": "aws_glue_trigger",
      "name": "profile-ef-pass-trigger",
      "provider": "provider[\"registry.terraform.io/hashicorp/aws\"]",
      "instances": [
        {
          "schema_version": 0,
          "attributes": {
            "actions": [
              {
                "arguments": null,
                "crawler_name": "",
                "job_name": "ef-ingestion-profile-job-e2e-test",
                "notification_property": [],
                "security_configuration": "",
                "timeout": 0
              }
            ],
            "arn": "arn:aws:glue:us-east-1:228718274899:trigger/ef-ingestion-profile-pass-e2e-test",
            "description": "",
            "enabled": true,
            "id": "ef-ingestion-profile-pass-e2e-test",
            "name": "ef-ingestion-profile-pass-e2e-test",
            "predicate": [
              {
                "conditions": [
                  {
                    "crawl_state": "",
                    "crawler_name": "",
                    "job_name": "ef-ingestion-pre-job-e2e-test",
                    "logical_operator": "EQUALS",
                    "state": "SUCCEEDED"
                  }
                ],
                "logical": "AND"
              }
            ],
            "schedule": "",
            "start_on_creation": null,
            "state": "ACTIVATED",
            "tags": null,
            "tags_all": {},
            "timeouts": null,
            "type": "CONDITIONAL",
            "workflow_name": "ef-ingestion-batch-e2e-test"
          },
          "sensitive_attributes": [],
          "private": "eyJlMmJmYjczMC1lY2FhLTExZTYtOGY4OC0zNDM2M2JjN2M0YzAiOnsiY3JlYXRlIjozMDAwMDAwMDAwMDAsImRlbGV0ZSI6MzAwMDAwMDAwMDAwfX0=",
          "dependencies": [
            "aws_glue_job.pre-job",
            "aws_glue_job.profile-ef-job",
            "aws_glue_workflow.ef-glue-workflow",
            "aws_iam_policy.s3-data-policy",
            "aws_iam_role.glue-role",
            "aws_s3_bucket.ef-bucket"
          ]
        }
      ]
    },
    {
      "mode": "managed",
      "type": "aws_glue_workflow",
      "name": "ef-glue-workflow",
      "provider": "provider[\"registry.terraform.io/hashicorp/aws\"]",
      "instances": [
        {
          "schema_version": 0,
          "attributes": {
            "arn": "arn:aws:glue:us-east-1:228718274899:workflow/ef-ingestion-batch-e2e-test",
            "default_run_properties": {
              "landing_bucketname": "ef-ingestion-landing-e2e-test",
              "media_bucketname": "media-library-staging",
              "source_bucketname": "None"
            },
            "description": "Glue workflow triggered by schedule or on-demand",
            "id": "ef-ingestion-batch-e2e-test",
            "max_concurrent_runs": 0,
            "name": "ef-ingestion-batch-e2e-test",
            "tags": null,
            "tags_all": {}
          },
          "sensitive_attributes": [],
          "private": "bnVsbA==",
          "dependencies": [
            "aws_s3_bucket.ef-bucket"
          ]
        }
      ]
    },
    {
      "mode": "managed",
      "type": "aws_iam_policy",
      "name": "s3-data-policy",
      "provider": "provider[\"registry.terraform.io/hashicorp/aws\"]",
      "instances": [
        {
          "schema_version": 0,
          "attributes": {
            "arn": "arn:aws:iam::228718274899:policy/data-policy-ef-ingestion-e2e-test",
            "description": "",
            "id": "arn:aws:iam::228718274899:policy/data-policy-ef-ingestion-e2e-test",
            "name": "data-policy-ef-ingestion-e2e-test",
            "name_prefix": null,
            "path": "/",
            "policy": "{\"Statement\":[{\"Action\":[\"s3:GetObject\",\"s3:PutObject\"],\"Effect\":\"Allow\",\"Resource\":[\"arn:aws:s3:::ef-ingestion-landing-e2e-test/*\",\"arn:aws:s3:::None/*\"]},{\"Action\":[\"s3:ListBucket\"],\"Effect\":\"Allow\",\"Resource\":[\"arn:aws:s3:::ef-ingestion-landing-e2e-test\",\"arn:aws:s3:::None\"]},{\"Action\":[\"s3:DeleteObject\"],\"Effect\":\"Allow\",\"Resource\":\"arn:aws:s3:::ef-ingestion-landing-e2e-test/data/*\"},{\"Action\":[\"logs:GetLogEvents\"],\"Effect\":\"Allow\",\"Resource\":\"arn:aws:logs:*:*:log-group:/aws-glue/python-jobs/output:*\"},{\"Action\":[\"logs:DescribeLogStreams\"],\"Effect\":\"Allow\",\"Resource\":\"arn:aws:logs:*:*:log-group:/aws-glue/python-jobs/output:*\"},{\"Action\":[\"es:*\"],\"Effect\":\"Allow\",\"Resource\":\"arn:aws:es:*:*:domain/ai-elasticsearch-6-public/*\"},{\"Action\":[\"kms:Decrypt\",\"kms:Encrypt\",\"kms:CreateGrant\"],\"Effect\":\"Allow\",\"Resource\":\"arn:aws:kms:*:*:key/*\"},{\"Action\":\"kms:ListAliases\",\"Effect\":\"Allow\",\"Resource\":\"*\"}],\"Version\":\"2012-10-17\"}",
            "policy_id": "ANPATKQFL5FJUEOYUO2FO",
            "tags": null,
            "tags_all": {}
          },
          "sensitive_attributes": [],
          "private": "bnVsbA==",
          "dependencies": [
            "aws_s3_bucket.ef-bucket"
          ]
        }
      ]
    },
    {
      "mode": "managed",
      "type": "aws_iam_role",
      "name": "glue-role",
      "provider": "provider[\"registry.terraform.io/hashicorp/aws\"]",
      "instances": [
        {
          "schema_version": 0,
          "attributes": {
            "arn": "arn:aws:iam::228718274899:role/ef-ingestion-glue-role-e2e-test",
            "assume_role_policy": "{\"Version\":\"2012-10-17\",\"Statement\":[{\"Sid\":\"\",\"Effect\":\"Allow\",\"Principal\":{\"Service\":\"glue.amazonaws.com\"},\"Action\":\"sts:AssumeRole\"}]}",
            "create_date": "2022-08-11T19:38:10Z",
            "description": "",
            "force_detach_policies": false,
            "id": "ef-ingestion-glue-role-e2e-test",
            "inline_policy": [
              {
                "name": "",
                "policy": ""
              }
            ],
            "managed_policy_arns": [
              "arn:aws:iam::228718274899:policy/data-policy-ef-ingestion-e2e-test",
              "arn:aws:iam::aws:policy/service-role/AWSGlueServiceRole"
            ],
            "max_session_duration": 3600,
            "name": "ef-ingestion-glue-role-e2e-test",
            "name_prefix": "",
            "path": "/",
            "permissions_boundary": null,
            "tags": null,
            "tags_all": {},
            "unique_id": "AROATKQFL5FJ27XIN4365"
          },
          "sensitive_attributes": [],
          "private": "bnVsbA==",
          "dependencies": [
            "aws_iam_policy.s3-data-policy",
            "aws_s3_bucket.ef-bucket"
          ]
        }
      ]
    },
    {
      "mode": "managed",
      "type": "aws_s3_bucket",
      "name": "ef-bucket",
      "provider": "provider[\"registry.terraform.io/hashicorp/aws\"]",
      "instances": [
        {
          "schema_version": 0,
          "attributes": {
            "acceleration_status": "",
            "acl": "private",
            "arn": "arn:aws:s3:::ef-ingestion-landing-e2e-test",
            "bucket": "ef-ingestion-landing-e2e-test",
            "bucket_domain_name": "ef-ingestion-landing-e2e-test.s3.amazonaws.com",
            "bucket_prefix": null,
            "bucket_regional_domain_name": "ef-ingestion-landing-e2e-test.s3.amazonaws.com",
            "cors_rule": [],
            "force_destroy": true,
            "grant": [],
            "hosted_zone_id": "Z3AQBSTGFYJSTF",
            "id": "ef-ingestion-landing-e2e-test",
            "lifecycle_rule": [
              {
                "abort_incomplete_multipart_upload_days": 0,
                "enabled": true,
                "expiration": [
                  {
                    "date": "",
                    "days": 30,
                    "expired_object_delete_marker": false
                  }
                ],
                "id": "dirty-efs-clean-up",
                "noncurrent_version_expiration": [],
                "noncurrent_version_transition": [],
                "prefix": "data/dirty_efs/",
                "tags": null,
                "transition": []
              }
            ],
            "logging": [],
            "object_lock_configuration": [],
            "object_lock_enabled": false,
            "policy": null,
            "region": "us-east-1",
            "replication_configuration": [],
            "request_payer": "BucketOwner",
            "server_side_encryption_configuration": [
              {
                "rule": [
                  {
                    "apply_server_side_encryption_by_default": [
                      {
                        "kms_master_key_id": "",
                        "sse_algorithm": "AES256"
                      }
                    ],
                    "bucket_key_enabled": false
                  }
                ]
              }
            ],
            "tags": null,
            "tags_all": {},
            "versioning": [
              {
                "enabled": false,
                "mfa_delete": false
              }
            ],
            "website": [],
            "website_domain": null,
            "website_endpoint": null
          },
          "sensitive_attributes": [],
          "private": "bnVsbA=="
        }
      ]
    },
    {
      "mode": "managed",
      "type": "aws_s3_bucket_object",
      "name": "dependencies-folder",
      "provider": "provider[\"registry.terraform.io/hashicorp/aws\"]",
      "instances": [
        {
          "index_key": "Cerberus-1.3.3-py3-none-any.whl",
          "schema_version": 0,
          "attributes": {
            "acl": "private",
            "bucket": "ef-ingestion-landing-e2e-test",
            "bucket_key_enabled": false,
            "cache_control": "",
            "content": null,
            "content_base64": null,
            "content_disposition": "",
            "content_encoding": "",
            "content_language": "",
            "content_type": "binary/octet-stream",
            "etag": "2da817134a0b0c7d41a2aec94f51cbfd",
            "force_destroy": false,
            "id": "dependencies/Cerberus-1.3.3-py3-none-any.whl",
            "key": "dependencies/Cerberus-1.3.3-py3-none-any.whl",
            "kms_key_id": null,
            "metadata": null,
            "object_lock_legal_hold_status": "",
            "object_lock_mode": "",
            "object_lock_retain_until_date": "",
            "server_side_encryption": "AES256",
            "source": "../dependencies/Cerberus-1.3.3-py3-none-any.whl",
            "source_hash": null,
            "storage_class": "STANDARD",
            "tags": null,
            "tags_all": {},
            "version_id": "",
            "website_redirect": ""
          },
          "sensitive_attributes": [],
          "private": "bnVsbA==",
          "dependencies": [
            "aws_s3_bucket.ef-bucket"
          ]
        },
        {
          "index_key": "elasticsearch-7.13.0-py2.py3-none-any.whl",
          "schema_version": 0,
          "attributes": {
            "acl": "private",
            "bucket": "ef-ingestion-landing-e2e-test",
            "bucket_key_enabled": false,
            "cache_control": "",
            "content": null,
            "content_base64": null,
            "content_disposition": "",
            "content_encoding": "",
            "content_language": "",
            "content_type": "binary/octet-stream",
            "etag": "c7a2382d3f6e33bcfed5ff6fb4ddd8a6",
            "force_destroy": false,
            "id": "dependencies/elasticsearch-7.13.0-py2.py3-none-any.whl",
            "key": "dependencies/elasticsearch-7.13.0-py2.py3-none-any.whl",
            "kms_key_id": null,
            "metadata": null,
            "object_lock_legal_hold_status": "",
            "object_lock_mode": "",
            "object_lock_retain_until_date": "",
            "server_side_encryption": "AES256",
            "source": "../dependencies/elasticsearch-7.13.0-py2.py3-none-any.whl",
            "source_hash": null,
            "storage_class": "STANDARD",
            "tags": null,
            "tags_all": {},
            "version_id": "",
            "website_redirect": ""
          },
          "sensitive_attributes": [],
          "private": "bnVsbA==",
          "dependencies": [
            "aws_s3_bucket.ef-bucket"
          ]
        },
        {
          "index_key": "microone_event.json",
          "schema_version": 0,
          "attributes": {
            "acl": "private",
            "bucket": "ef-ingestion-landing-e2e-test",
            "bucket_key_enabled": false,
            "cache_control": "",
            "content": null,
            "content_base64": null,
            "content_disposition": "",
            "content_encoding": "",
            "content_language": "",
            "content_type": "binary/octet-stream",
            "etag": "cfa0758ef32fcc77f90d72e0d497fc08",
            "force_destroy": false,
            "id": "dependencies/microone_event.json",
            "key": "dependencies/microone_event.json",
            "kms_key_id": null,
            "metadata": null,
            "object_lock_legal_hold_status": "",
            "object_lock_mode": "",
            "object_lock_retain_until_date": "",
            "server_side_encryption": "AES256",
            "source": "../dependencies/microone_event.json",
            "source_hash": null,
            "storage_class": "STANDARD",
            "tags": null,
            "tags_all": {},
            "version_id": "",
            "website_redirect": ""
          },
          "sensitive_attributes": [],
          "private": "bnVsbA==",
          "dependencies": [
            "aws_s3_bucket.ef-bucket"
          ]
        },
        {
          "index_key": "microone_prediction.json",
          "schema_version": 0,
          "attributes": {
            "acl": "private",
            "bucket": "ef-ingestion-landing-e2e-test",
            "bucket_key_enabled": false,
            "cache_control": "",
            "content": null,
            "content_base64": null,
            "content_disposition": "",
            "content_encoding": "",
            "content_language": "",
            "content_type": "binary/octet-stream",
            "etag": "468b0748c43b367ba2b62e7cbed675db",
            "force_destroy": false,
            "id": "dependencies/microone_prediction.json",
            "key": "dependencies/microone_prediction.json",
            "kms_key_id": null,
            "metadata": null,
            "object_lock_legal_hold_status": "",
            "object_lock_mode": "",
            "object_lock_retain_until_date": "",
            "server_side_encryption": "AES256",
            "source": "../dependencies/microone_prediction.json",
            "source_hash": null,
            "storage_class": "STANDARD",
            "tags": null,
            "tags_all": {},
            "version_id": "",
            "website_redirect": ""
          },
          "sensitive_attributes": [],
          "private": "bnVsbA==",
          "dependencies": [
            "aws_s3_bucket.ef-bucket"
          ]
        },
        {
          "index_key": "microthree_event.json",
          "schema_version": 0,
          "attributes": {
            "acl": "private",
            "bucket": "ef-ingestion-landing-e2e-test",
            "bucket_key_enabled": false,
            "cache_control": "",
            "content": null,
            "content_base64": null,
            "content_disposition": "",
            "content_encoding": "",
            "content_language": "",
            "content_type": "binary/octet-stream",
            "etag": "5d53f1a28862b0c60192f347a6848f2a",
            "force_destroy": false,
            "id": "dependencies/microthree_event.json",
            "key": "dependencies/microthree_event.json",
            "kms_key_id": null,
            "metadata": null,
            "object_lock_legal_hold_status": "",
            "object_lock_mode": "",
            "object_lock_retain_until_date": "",
            "server_side_encryption": "AES256",
            "source": "../dependencies/microthree_event.json",
            "source_hash": null,
            "storage_class": "STANDARD",
            "tags": null,
            "tags_all": {},
            "version_id": "",
            "website_redirect": ""
          },
          "sensitive_attributes": [],
          "private": "bnVsbA==",
          "dependencies": [
            "aws_s3_bucket.ef-bucket"
          ]
        },
        {
          "index_key": "microthree_prediction.json",
          "schema_version": 0,
          "attributes": {
            "acl": "private",
            "bucket": "ef-ingestion-landing-e2e-test",
            "bucket_key_enabled": false,
            "cache_control": "",
            "content": null,
            "content_base64": null,
            "content_disposition": "",
            "content_encoding": "",
            "content_language": "",
            "content_type": "binary/octet-stream",
            "etag": "8c6464f7d7435131d02c64526b772b52",
            "force_destroy": false,
            "id": "dependencies/microthree_prediction.json",
            "key": "dependencies/microthree_prediction.json",
            "kms_key_id": null,
            "metadata": null,
            "object_lock_legal_hold_status": "",
            "object_lock_mode": "",
            "object_lock_retain_until_date": "",
            "server_side_encryption": "AES256",
            "source": "../dependencies/microthree_prediction.json",
            "source_hash": null,
            "storage_class": "STANDARD",
            "tags": null,
            "tags_all": {},
            "version_id": "",
            "website_redirect": ""
          },
          "sensitive_attributes": [],
          "private": "bnVsbA==",
          "dependencies": [
            "aws_s3_bucket.ef-bucket"
          ]
        },
        {
          "index_key": "microtwo_event.json",
          "schema_version": 0,
          "attributes": {
            "acl": "private",
            "bucket": "ef-ingestion-landing-e2e-test",
            "bucket_key_enabled": false,
            "cache_control": "",
            "content": null,
            "content_base64": null,
            "content_disposition": "",
            "content_encoding": "",
            "content_language": "",
            "content_type": "binary/octet-stream",
            "etag": "ba616b6e7a7664adae74780fff2d5aff",
            "force_destroy": false,
            "id": "dependencies/microtwo_event.json",
            "key": "dependencies/microtwo_event.json",
            "kms_key_id": null,
            "metadata": null,
            "object_lock_legal_hold_status": "",
            "object_lock_mode": "",
            "object_lock_retain_until_date": "",
            "server_side_encryption": "AES256",
            "source": "../dependencies/microtwo_event.json",
            "source_hash": null,
            "storage_class": "STANDARD",
            "tags": null,
            "tags_all": {},
            "version_id": "",
            "website_redirect": ""
          },
          "sensitive_attributes": [],
          "private": "bnVsbA==",
          "dependencies": [
            "aws_s3_bucket.ef-bucket"
          ]
        },
        {
          "index_key": "microtwo_prediction.json",
          "schema_version": 0,
          "attributes": {
            "acl": "private",
            "bucket": "ef-ingestion-landing-e2e-test",
            "bucket_key_enabled": false,
            "cache_control": "",
            "content": null,
            "content_base64": null,
            "content_disposition": "",
            "content_encoding": "",
            "content_language": "",
            "content_type": "binary/octet-stream",
            "etag": "bc0d224a4bf9da57ae5d4d769c4a8462",
            "force_destroy": false,
            "id": "dependencies/microtwo_prediction.json",
            "key": "dependencies/microtwo_prediction.json",
            "kms_key_id": null,
            "metadata": null,
            "object_lock_legal_hold_status": "",
            "object_lock_mode": "",
            "object_lock_retain_until_date": "",
            "server_side_encryption": "AES256",
            "source": "../dependencies/microtwo_prediction.json",
            "source_hash": null,
            "storage_class": "STANDARD",
            "tags": null,
            "tags_all": {},
            "version_id": "",
            "website_redirect": ""
          },
          "sensitive_attributes": [],
          "private": "bnVsbA==",
          "dependencies": [
            "aws_s3_bucket.ef-bucket"
          ]
        },
        {
          "index_key": "s3fs-0.4.0-py3-none-any.whl",
          "schema_version": 0,
          "attributes": {
            "acl": "private",
            "bucket": "ef-ingestion-landing-e2e-test",
            "bucket_key_enabled": false,
            "cache_control": "",
            "content": null,
            "content_base64": null,
            "content_disposition": "",
            "content_encoding": "",
            "content_language": "",
            "content_type": "binary/octet-stream",
            "etag": "19a7a8f6925a138829b7bba9cdb56067",
            "force_destroy": false,
            "id": "dependencies/s3fs-0.4.0-py3-none-any.whl",
            "key": "dependencies/s3fs-0.4.0-py3-none-any.whl",
            "kms_key_id": null,
            "metadata": null,
            "object_lock_legal_hold_status": "",
            "object_lock_mode": "",
            "object_lock_retain_until_date": "",
            "server_side_encryption": "AES256",
            "source": "../dependencies/s3fs-0.4.0-py3-none-any.whl",
            "source_hash": null,
            "storage_class": "STANDARD",
            "tags": null,
            "tags_all": {},
            "version_id": "",
            "website_redirect": ""
          },
          "sensitive_attributes": [],
          "private": "bnVsbA==",
          "dependencies": [
            "aws_s3_bucket.ef-bucket"
          ]
        }
      ]
    },
    {
      "mode": "managed",
      "type": "aws_s3_bucket_object",
      "name": "scripts-folder",
      "provider": "provider[\"registry.terraform.io/hashicorp/aws\"]",
      "instances": [
        {
          "index_key": "__init__.py",
          "schema_version": 0,
          "attributes": {
            "acl": "private",
            "bucket": "ef-ingestion-landing-e2e-test",
            "bucket_key_enabled": false,
            "cache_control": "",
            "content": null,
            "content_base64": null,
            "content_disposition": "",
            "content_encoding": "",
            "content_language": "",
            "content_type": "binary/octet-stream",
            "etag": "d41d8cd98f00b204e9800998ecf8427e",
            "force_destroy": false,
            "id": "scripts/__init__.py",
            "key": "scripts/__init__.py",
            "kms_key_id": null,
            "metadata": null,
            "object_lock_legal_hold_status": "",
            "object_lock_mode": "",
            "object_lock_retain_until_date": "",
            "server_side_encryption": "AES256",
            "source": "../ef_ingestion_etl/__init__.py",
            "source_hash": null,
            "storage_class": "STANDARD",
            "tags": null,
            "tags_all": {},
            "version_id": "",
            "website_redirect": ""
          },
          "sensitive_attributes": [],
          "private": "bnVsbA==",
          "dependencies": [
            "aws_s3_bucket.ef-bucket"
          ]
        },
        {
          "index_key": "clean_up.py",
          "schema_version": 0,
          "attributes": {
            "acl": "private",
            "bucket": "ef-ingestion-landing-e2e-test",
            "bucket_key_enabled": false,
            "cache_control": "",
            "content": null,
            "content_base64": null,
            "content_disposition": "",
            "content_encoding": "",
            "content_language": "",
            "content_type": "binary/octet-stream",
            "etag": "3675672d51128bb42430bf510d207a6a",
            "force_destroy": false,
            "id": "scripts/clean_up.py",
            "key": "scripts/clean_up.py",
            "kms_key_id": null,
            "metadata": null,
            "object_lock_legal_hold_status": "",
            "object_lock_mode": "",
            "object_lock_retain_until_date": "",
            "server_side_encryption": "AES256",
            "source": "../ef_ingestion_etl/clean_up.py",
            "source_hash": null,
            "storage_class": "STANDARD",
            "tags": null,
            "tags_all": {},
            "version_id": "",
            "website_redirect": ""
          },
          "sensitive_attributes": [],
          "private": "bnVsbA==",
          "dependencies": [
            "aws_s3_bucket.ef-bucket"
          ]
        },
        {
          "index_key": "convert_to_parquet.py",
          "schema_version": 0,
          "attributes": {
            "acl": "private",
            "bucket": "ef-ingestion-landing-e2e-test",
            "bucket_key_enabled": false,
            "cache_control": "",
            "content": null,
            "content_base64": null,
            "content_disposition": "",
            "content_encoding": "",
            "content_language": "",
            "content_type": "binary/octet-stream",
            "etag": "718d4d37d74ef20a15ff449582409151",
            "force_destroy": false,
            "id": "scripts/convert_to_parquet.py",
            "key": "scripts/convert_to_parquet.py",
            "kms_key_id": null,
            "metadata": null,
            "object_lock_legal_hold_status": "",
            "object_lock_mode": "",
            "object_lock_retain_until_date": "",
            "server_side_encryption": "AES256",
            "source": "../ef_ingestion_etl/convert_to_parquet.py",
            "source_hash": null,
            "storage_class": "STANDARD",
            "tags": null,
            "tags_all": {},
            "version_id": "",
            "website_redirect": ""
          },
          "sensitive_attributes": [],
          "private": "bnVsbA==",
          "dependencies": [
            "aws_s3_bucket.ef-bucket"
          ]
        },
        {
          "index_key": "data_profiling.py",
          "schema_version": 0,
          "attributes": {
            "acl": "private",
            "bucket": "ef-ingestion-landing-e2e-test",
            "bucket_key_enabled": false,
            "cache_control": "",
            "content": null,
            "content_base64": null,
            "content_disposition": "",
            "content_encoding": "",
            "content_language": "",
            "content_type": "binary/octet-stream",
            "etag": "2e9463044bf2f3d6f5cae3ff9c9f25e3",
            "force_destroy": false,
            "id": "scripts/data_profiling.py",
            "key": "scripts/data_profiling.py",
            "kms_key_id": null,
            "metadata": null,
            "object_lock_legal_hold_status": "",
            "object_lock_mode": "",
            "object_lock_retain_until_date": "",
            "server_side_encryption": "AES256",
            "source": "../ef_ingestion_etl/data_profiling.py",
            "source_hash": null,
            "storage_class": "STANDARD",
            "tags": null,
            "tags_all": {},
            "version_id": "",
            "website_redirect": ""
          },
          "sensitive_attributes": [],
          "private": "bnVsbA==",
          "dependencies": [
            "aws_s3_bucket.ef-bucket"
          ]
        },
        {
          "index_key": "flat_jsons.py",
          "schema_version": 0,
          "attributes": {
            "acl": "private",
            "bucket": "ef-ingestion-landing-e2e-test",
            "bucket_key_enabled": false,
            "cache_control": "",
            "content": null,
            "content_base64": null,
            "content_disposition": "",
            "content_encoding": "",
            "content_language": "",
            "content_type": "binary/octet-stream",
            "etag": "573519c1ecd06f43302d5da50360ac31",
            "force_destroy": false,
            "id": "scripts/flat_jsons.py",
            "key": "scripts/flat_jsons.py",
            "kms_key_id": null,
            "metadata": null,
            "object_lock_legal_hold_status": "",
            "object_lock_mode": "",
            "object_lock_retain_until_date": "",
            "server_side_encryption": "AES256",
            "source": "../ef_ingestion_etl/flat_jsons.py",
            "source_hash": null,
            "storage_class": "STANDARD",
            "tags": null,
            "tags_all": {},
            "version_id": "",
            "website_redirect": ""
          },
          "sensitive_attributes": [],
          "private": "bnVsbA==",
          "dependencies": [
            "aws_s3_bucket.ef-bucket"
          ]
        },
        {
          "index_key": "process_logs.py",
          "schema_version": 0,
          "attributes": {
            "acl": "private",
            "bucket": "ef-ingestion-landing-e2e-test",
            "bucket_key_enabled": false,
            "cache_control": "",
            "content": null,
            "content_base64": null,
            "content_disposition": "",
            "content_encoding": "",
            "content_language": "",
            "content_type": "binary/octet-stream",
            "etag": "6b556ec15f427ac2cebc29257e872252",
            "force_destroy": false,
            "id": "scripts/process_logs.py",
            "key": "scripts/process_logs.py",
            "kms_key_id": null,
            "metadata": null,
            "object_lock_legal_hold_status": "",
            "object_lock_mode": "",
            "object_lock_retain_until_date": "",
            "server_side_encryption": "AES256",
            "source": "../ef_ingestion_etl/process_logs.py",
            "source_hash": null,
            "storage_class": "STANDARD",
            "tags": null,
            "tags_all": {},
            "version_id": "",
            "website_redirect": ""
          },
          "sensitive_attributes": [],
          "private": "bnVsbA==",
          "dependencies": [
            "aws_s3_bucket.ef-bucket"
          ]
        },
        {
          "index_key": "update_workflow_properties.py",
          "schema_version": 0,
          "attributes": {
            "acl": "private",
            "bucket": "ef-ingestion-landing-e2e-test",
            "bucket_key_enabled": false,
            "cache_control": "",
            "content": null,
            "content_base64": null,
            "content_disposition": "",
            "content_encoding": "",
            "content_language": "",
            "content_type": "binary/octet-stream",
            "etag": "c4daed64d93560eb0118b02001d2807e",
            "force_destroy": false,
            "id": "scripts/update_workflow_properties.py",
            "key": "scripts/update_workflow_properties.py",
            "kms_key_id": null,
            "metadata": null,
            "object_lock_legal_hold_status": "",
            "object_lock_mode": "",
            "object_lock_retain_until_date": "",
            "server_side_encryption": "AES256",
            "source": "../ef_ingestion_etl/update_workflow_properties.py",
            "source_hash": null,
            "storage_class": "STANDARD",
            "tags": null,
            "tags_all": {},
            "version_id": "",
            "website_redirect": ""
          },
          "sensitive_attributes": [],
          "private": "bnVsbA==",
          "dependencies": [
            "aws_s3_bucket.ef-bucket"
          ]
        }
      ]
    }
  ]
}
